// !$*UTF8*$!
{
	archiveVersion = 1;
	classes = {
	};
	objectVersion = 52;
	objects = {

/* Begin PBXBuildFile section */
		313E56B209367F15683295EC /* Pods_FlixTests.framework in Frameworks */ = {isa = PBXBuildFile; fileRef = 563E0534B86894FFAA94C280 /* Pods_FlixTests.framework */; };
		528FC99A26FAFBDE008FE7FC /* MovieDetailsViewController.swift in Sources */ = {isa = PBXBuildFile; fileRef = 528FC99926FAFBDE008FE7FC /* MovieDetailsViewController.swift */; };
		528FC99C26FC46A6008FE7FC /* MovieGridViewController.swift in Sources */ = {isa = PBXBuildFile; fileRef = 528FC99B26FC46A6008FE7FC /* MovieGridViewController.swift */; };
		528FC99E26FC4EA4008FE7FC /* MovieGridCell.swift in Sources */ = {isa = PBXBuildFile; fileRef = 528FC99D26FC4EA4008FE7FC /* MovieGridCell.swift */; };
		52D243D826F3088900B27BBD /* AppDelegate.swift in Sources */ = {isa = PBXBuildFile; fileRef = 52D243D726F3088900B27BBD /* AppDelegate.swift */; };
		52D243DA26F3088900B27BBD /* SceneDelegate.swift in Sources */ = {isa = PBXBuildFile; fileRef = 52D243D926F3088900B27BBD /* SceneDelegate.swift */; };
		52D243DF26F3088A00B27BBD /* Main.storyboard in Resources */ = {isa = PBXBuildFile; fileRef = 52D243DD26F3088A00B27BBD /* Main.storyboard */; };
		52D243E126F3089200B27BBD /* Assets.xcassets in Resources */ = {isa = PBXBuildFile; fileRef = 52D243E026F3089200B27BBD /* Assets.xcassets */; };
		52D243E426F3089200B27BBD /* LaunchScreen.storyboard in Resources */ = {isa = PBXBuildFile; fileRef = 52D243E226F3089200B27BBD /* LaunchScreen.storyboard */; };
		52D243EF26F3089200B27BBD /* FlixTests.swift in Sources */ = {isa = PBXBuildFile; fileRef = 52D243EE26F3089200B27BBD /* FlixTests.swift */; };
		52D243FA26F3089200B27BBD /* FlixUITests.swift in Sources */ = {isa = PBXBuildFile; fileRef = 52D243F926F3089200B27BBD /* FlixUITests.swift */; };
		52D2440826F30F3100B27BBD /* MoviesViewController.swift in Sources */ = {isa = PBXBuildFile; fileRef = 52D2440726F30F3100B27BBD /* MoviesViewController.swift */; };
		52D2440A26F538D000B27BBD /* MovieCell.swift in Sources */ = {isa = PBXBuildFile; fileRef = 52D2440926F538CE00B27BBD /* MovieCell.swift */; };
		52D2440D26F5D5B000B27BBD /* AlamofireImage in Frameworks */ = {isa = PBXBuildFile; productRef = 52D2440C26F5D5B000B27BBD /* AlamofireImage */; };
		7943C583456E80525AD1F7E5 /* Pods_Flix_FlixUITests.framework in Frameworks */ = {isa = PBXBuildFile; fileRef = 3F6B3DD76AB443C449DDDFF5 /* Pods_Flix_FlixUITests.framework */; };
		A8257A3C6D323272CCE6E920 /* Pods_Flix.framework in Frameworks */ = {isa = PBXBuildFile; fileRef = 3E924445021F0E90A87D1C2D /* Pods_Flix.framework */; };
/* End PBXBuildFile section */

/* Begin PBXContainerItemProxy section */
		52D243EB26F3089200B27BBD /* PBXContainerItemProxy */ = {
			isa = PBXContainerItemProxy;
			containerPortal = 52D243CC26F3088900B27BBD /* Project object */;
			proxyType = 1;
			remoteGlobalIDString = 52D243D326F3088900B27BBD;
			remoteInfo = Flix;
		};
		52D243F626F3089200B27BBD /* PBXContainerItemProxy */ = {
			isa = PBXContainerItemProxy;
			containerPortal = 52D243CC26F3088900B27BBD /* Project object */;
			proxyType = 1;
			remoteGlobalIDString = 52D243D326F3088900B27BBD;
			remoteInfo = Flix;
		};
/* End PBXContainerItemProxy section */

/* Begin PBXFileReference section */
		09B1D46CEA048F7197BE1B58 /* Pods-FlixTests.debug.xcconfig */ = {isa = PBXFileReference; includeInIndex = 1; lastKnownFileType = text.xcconfig; name = "Pods-FlixTests.debug.xcconfig"; path = "Target Support Files/Pods-FlixTests/Pods-FlixTests.debug.xcconfig"; sourceTree = "<group>"; };
		314C38C5672526D2087F7C72 /* Pods-Flix.debug.xcconfig */ = {isa = PBXFileReference; includeInIndex = 1; lastKnownFileType = text.xcconfig; name = "Pods-Flix.debug.xcconfig"; path = "Target Support Files/Pods-Flix/Pods-Flix.debug.xcconfig"; sourceTree = "<group>"; };
		3E924445021F0E90A87D1C2D /* Pods_Flix.framework */ = {isa = PBXFileReference; explicitFileType = wrapper.framework; includeInIndex = 0; path = Pods_Flix.framework; sourceTree = BUILT_PRODUCTS_DIR; };
		3F6B3DD76AB443C449DDDFF5 /* Pods_Flix_FlixUITests.framework */ = {isa = PBXFileReference; explicitFileType = wrapper.framework; includeInIndex = 0; path = Pods_Flix_FlixUITests.framework; sourceTree = BUILT_PRODUCTS_DIR; };
		4209B7FE28B89DBAEA473D8E /* Pods-Flix-FlixUITests.release.xcconfig */ = {isa = PBXFileReference; includeInIndex = 1; lastKnownFileType = text.xcconfig; name = "Pods-Flix-FlixUITests.release.xcconfig"; path = "Target Support Files/Pods-Flix-FlixUITests/Pods-Flix-FlixUITests.release.xcconfig"; sourceTree = "<group>"; };
		528FC99926FAFBDE008FE7FC /* MovieDetailsViewController.swift */ = {isa = PBXFileReference; lastKnownFileType = sourcecode.swift; path = MovieDetailsViewController.swift; sourceTree = "<group>"; };
		528FC99B26FC46A6008FE7FC /* MovieGridViewController.swift */ = {isa = PBXFileReference; lastKnownFileType = sourcecode.swift; path = MovieGridViewController.swift; sourceTree = "<group>"; };
		528FC99D26FC4EA4008FE7FC /* MovieGridCell.swift */ = {isa = PBXFileReference; lastKnownFileType = sourcecode.swift; path = MovieGridCell.swift; sourceTree = "<group>"; };
		52D243D426F3088900B27BBD /* Flix.app */ = {isa = PBXFileReference; explicitFileType = wrapper.application; includeInIndex = 0; path = Flix.app; sourceTree = BUILT_PRODUCTS_DIR; };
		52D243D726F3088900B27BBD /* AppDelegate.swift */ = {isa = PBXFileReference; lastKnownFileType = sourcecode.swift; path = AppDelegate.swift; sourceTree = "<group>"; };
		52D243D926F3088900B27BBD /* SceneDelegate.swift */ = {isa = PBXFileReference; lastKnownFileType = sourcecode.swift; path = SceneDelegate.swift; sourceTree = "<group>"; };
		52D243DE26F3088A00B27BBD /* Base */ = {isa = PBXFileReference; lastKnownFileType = file.storyboard; name = Base; path = Base.lproj/Main.storyboard; sourceTree = "<group>"; };
		52D243E026F3089200B27BBD /* Assets.xcassets */ = {isa = PBXFileReference; lastKnownFileType = folder.assetcatalog; path = Assets.xcassets; sourceTree = "<group>"; };
		52D243E326F3089200B27BBD /* Base */ = {isa = PBXFileReference; lastKnownFileType = file.storyboard; name = Base; path = Base.lproj/LaunchScreen.storyboard; sourceTree = "<group>"; };
		52D243E526F3089200B27BBD /* Info.plist */ = {isa = PBXFileReference; lastKnownFileType = text.plist.xml; path = Info.plist; sourceTree = "<group>"; };
		52D243EA26F3089200B27BBD /* FlixTests.xctest */ = {isa = PBXFileReference; explicitFileType = wrapper.cfbundle; includeInIndex = 0; path = FlixTests.xctest; sourceTree = BUILT_PRODUCTS_DIR; };
		52D243EE26F3089200B27BBD /* FlixTests.swift */ = {isa = PBXFileReference; lastKnownFileType = sourcecode.swift; path = FlixTests.swift; sourceTree = "<group>"; };
		52D243F026F3089200B27BBD /* Info.plist */ = {isa = PBXFileReference; lastKnownFileType = text.plist.xml; path = Info.plist; sourceTree = "<group>"; };
		52D243F526F3089200B27BBD /* FlixUITests.xctest */ = {isa = PBXFileReference; explicitFileType = wrapper.cfbundle; includeInIndex = 0; path = FlixUITests.xctest; sourceTree = BUILT_PRODUCTS_DIR; };
		52D243F926F3089200B27BBD /* FlixUITests.swift */ = {isa = PBXFileReference; lastKnownFileType = sourcecode.swift; path = FlixUITests.swift; sourceTree = "<group>"; };
		52D243FB26F3089200B27BBD /* Info.plist */ = {isa = PBXFileReference; lastKnownFileType = text.plist.xml; path = Info.plist; sourceTree = "<group>"; };
		52D2440726F30F3100B27BBD /* MoviesViewController.swift */ = {isa = PBXFileReference; lastKnownFileType = sourcecode.swift; path = MoviesViewController.swift; sourceTree = "<group>"; };
		52D2440926F538CE00B27BBD /* MovieCell.swift */ = {isa = PBXFileReference; lastKnownFileType = sourcecode.swift; path = MovieCell.swift; sourceTree = "<group>"; };
		563E0534B86894FFAA94C280 /* Pods_FlixTests.framework */ = {isa = PBXFileReference; explicitFileType = wrapper.framework; includeInIndex = 0; path = Pods_FlixTests.framework; sourceTree = BUILT_PRODUCTS_DIR; };
		6D23CC2CBB55CEE5AAD90629 /* Pods-FlixTests.release.xcconfig */ = {isa = PBXFileReference; includeInIndex = 1; lastKnownFileType = text.xcconfig; name = "Pods-FlixTests.release.xcconfig"; path = "Target Support Files/Pods-FlixTests/Pods-FlixTests.release.xcconfig"; sourceTree = "<group>"; };
		8D04AB973DBF938C0AA50EC7 /* Pods-Flix.release.xcconfig */ = {isa = PBXFileReference; includeInIndex = 1; lastKnownFileType = text.xcconfig; name = "Pods-Flix.release.xcconfig"; path = "Target Support Files/Pods-Flix/Pods-Flix.release.xcconfig"; sourceTree = "<group>"; };
		D768992869C6E31C0CE6BF19 /* Pods-Flix-FlixUITests.debug.xcconfig */ = {isa = PBXFileReference; includeInIndex = 1; lastKnownFileType = text.xcconfig; name = "Pods-Flix-FlixUITests.debug.xcconfig"; path = "Target Support Files/Pods-Flix-FlixUITests/Pods-Flix-FlixUITests.debug.xcconfig"; sourceTree = "<group>"; };
/* End PBXFileReference section */

/* Begin PBXFrameworksBuildPhase section */
		52D243D126F3088900B27BBD /* Frameworks */ = {
			isa = PBXFrameworksBuildPhase;
			buildActionMask = 2147483647;
			files = (
				52D2440D26F5D5B000B27BBD /* AlamofireImage in Frameworks */,
				A8257A3C6D323272CCE6E920 /* Pods_Flix.framework in Frameworks */,
			);
			runOnlyForDeploymentPostprocessing = 0;
		};
		52D243E726F3089200B27BBD /* Frameworks */ = {
			isa = PBXFrameworksBuildPhase;
			buildActionMask = 2147483647;
			files = (
				313E56B209367F15683295EC /* Pods_FlixTests.framework in Frameworks */,
			);
			runOnlyForDeploymentPostprocessing = 0;
		};
		52D243F226F3089200B27BBD /* Frameworks */ = {
			isa = PBXFrameworksBuildPhase;
			buildActionMask = 2147483647;
			files = (
				7943C583456E80525AD1F7E5 /* Pods_Flix_FlixUITests.framework in Frameworks */,
			);
			runOnlyForDeploymentPostprocessing = 0;
		};
/* End PBXFrameworksBuildPhase section */

/* Begin PBXGroup section */
		52D243CB26F3088900B27BBD = {
			isa = PBXGroup;
			children = (
				52D243D626F3088900B27BBD /* Flix */,
				52D243ED26F3089200B27BBD /* FlixTests */,
				52D243F826F3089200B27BBD /* FlixUITests */,
				52D243D526F3088900B27BBD /* Products */,
				D044740BB56209A0D7107027 /* Pods */,
				F470FC8FABAD69BB2720E353 /* Frameworks */,
			);
			sourceTree = "<group>";
		};
		52D243D526F3088900B27BBD /* Products */ = {
			isa = PBXGroup;
			children = (
				52D243D426F3088900B27BBD /* Flix.app */,
				52D243EA26F3089200B27BBD /* FlixTests.xctest */,
				52D243F526F3089200B27BBD /* FlixUITests.xctest */,
			);
			name = Products;
			sourceTree = "<group>";
		};
		52D243D626F3088900B27BBD /* Flix */ = {
			isa = PBXGroup;
			children = (
				52D243D726F3088900B27BBD /* AppDelegate.swift */,
				52D243D926F3088900B27BBD /* SceneDelegate.swift */,
				52D243DD26F3088A00B27BBD /* Main.storyboard */,
				52D2440926F538CE00B27BBD /* MovieCell.swift */,
				52D243E026F3089200B27BBD /* Assets.xcassets */,
				52D243E226F3089200B27BBD /* LaunchScreen.storyboard */,
				52D243E526F3089200B27BBD /* Info.plist */,
				52D2440726F30F3100B27BBD /* MoviesViewController.swift */,
				528FC99926FAFBDE008FE7FC /* MovieDetailsViewController.swift */,
				528FC99B26FC46A6008FE7FC /* MovieGridViewController.swift */,
				528FC99D26FC4EA4008FE7FC /* MovieGridCell.swift */,
			);
			path = Flix;
			sourceTree = "<group>";
		};
		52D243ED26F3089200B27BBD /* FlixTests */ = {
			isa = PBXGroup;
			children = (
				52D243EE26F3089200B27BBD /* FlixTests.swift */,
				52D243F026F3089200B27BBD /* Info.plist */,
			);
			path = FlixTests;
			sourceTree = "<group>";
		};
		52D243F826F3089200B27BBD /* FlixUITests */ = {
			isa = PBXGroup;
			children = (
				52D243F926F3089200B27BBD /* FlixUITests.swift */,
				52D243FB26F3089200B27BBD /* Info.plist */,
			);
			path = FlixUITests;
			sourceTree = "<group>";
		};
		D044740BB56209A0D7107027 /* Pods */ = {
			isa = PBXGroup;
			children = (
				314C38C5672526D2087F7C72 /* Pods-Flix.debug.xcconfig */,
				8D04AB973DBF938C0AA50EC7 /* Pods-Flix.release.xcconfig */,
				D768992869C6E31C0CE6BF19 /* Pods-Flix-FlixUITests.debug.xcconfig */,
				4209B7FE28B89DBAEA473D8E /* Pods-Flix-FlixUITests.release.xcconfig */,
				09B1D46CEA048F7197BE1B58 /* Pods-FlixTests.debug.xcconfig */,
				6D23CC2CBB55CEE5AAD90629 /* Pods-FlixTests.release.xcconfig */,
			);
			path = Pods;
			sourceTree = "<group>";
		};
		F470FC8FABAD69BB2720E353 /* Frameworks */ = {
			isa = PBXGroup;
			children = (
				3E924445021F0E90A87D1C2D /* Pods_Flix.framework */,
				3F6B3DD76AB443C449DDDFF5 /* Pods_Flix_FlixUITests.framework */,
				563E0534B86894FFAA94C280 /* Pods_FlixTests.framework */,
			);
			name = Frameworks;
			sourceTree = "<group>";
		};
/* End PBXGroup section */

/* Begin PBXNativeTarget section */
		52D243D326F3088900B27BBD /* Flix */ = {
			isa = PBXNativeTarget;
			buildConfigurationList = 52D243FE26F3089200B27BBD /* Build configuration list for PBXNativeTarget "Flix" */;
			buildPhases = (
				FEA8B1EB64C236F4FE94E73B /* [CP] Check Pods Manifest.lock */,
				52D243D026F3088900B27BBD /* Sources */,
				52D243D126F3088900B27BBD /* Frameworks */,
				52D243D226F3088900B27BBD /* Resources */,
				8BFE7D1C371603A736E73445 /* [CP] Embed Pods Frameworks */,
			);
			buildRules = (
			);
			dependencies = (
			);
			name = Flix;
			packageProductDependencies = (
				52D2440C26F5D5B000B27BBD /* AlamofireImage */,
			);
			productName = Flix;
			productReference = 52D243D426F3088900B27BBD /* Flix.app */;
			productType = "com.apple.product-type.application";
		};
		52D243E926F3089200B27BBD /* FlixTests */ = {
			isa = PBXNativeTarget;
			buildConfigurationList = 52D2440126F3089200B27BBD /* Build configuration list for PBXNativeTarget "FlixTests" */;
			buildPhases = (
				88A3AB58FA8DDB4F086C5B66 /* [CP] Check Pods Manifest.lock */,
				52D243E626F3089200B27BBD /* Sources */,
				52D243E726F3089200B27BBD /* Frameworks */,
				52D243E826F3089200B27BBD /* Resources */,
			);
			buildRules = (
			);
			dependencies = (
				52D243EC26F3089200B27BBD /* PBXTargetDependency */,
			);
			name = FlixTests;
			productName = FlixTests;
			productReference = 52D243EA26F3089200B27BBD /* FlixTests.xctest */;
			productType = "com.apple.product-type.bundle.unit-test";
		};
		52D243F426F3089200B27BBD /* FlixUITests */ = {
			isa = PBXNativeTarget;
			buildConfigurationList = 52D2440426F3089200B27BBD /* Build configuration list for PBXNativeTarget "FlixUITests" */;
			buildPhases = (
				556FF5FE3C29FA7D222A7F5A /* [CP] Check Pods Manifest.lock */,
				52D243F126F3089200B27BBD /* Sources */,
				52D243F226F3089200B27BBD /* Frameworks */,
				52D243F326F3089200B27BBD /* Resources */,
				56CA4A5F2D68C93BEA00973A /* [CP] Embed Pods Frameworks */,
			);
			buildRules = (
			);
			dependencies = (
				52D243F726F3089200B27BBD /* PBXTargetDependency */,
			);
			name = FlixUITests;
			productName = FlixUITests;
			productReference = 52D243F526F3089200B27BBD /* FlixUITests.xctest */;
			productType = "com.apple.product-type.bundle.ui-testing";
		};
/* End PBXNativeTarget section */

/* Begin PBXProject section */
		52D243CC26F3088900B27BBD /* Project object */ = {
			isa = PBXProject;
			attributes = {
				LastSwiftUpdateCheck = 1250;
				LastUpgradeCheck = 1250;
				TargetAttributes = {
					52D243D326F3088900B27BBD = {
						CreatedOnToolsVersion = 12.5.1;
					};
					52D243E926F3089200B27BBD = {
						CreatedOnToolsVersion = 12.5.1;
						TestTargetID = 52D243D326F3088900B27BBD;
					};
					52D243F426F3089200B27BBD = {
						CreatedOnToolsVersion = 12.5.1;
						TestTargetID = 52D243D326F3088900B27BBD;
					};
				};
			};
			buildConfigurationList = 52D243CF26F3088900B27BBD /* Build configuration list for PBXProject "Flix" */;
			compatibilityVersion = "Xcode 9.3";
			developmentRegion = en;
			hasScannedForEncodings = 0;
			knownRegions = (
				en,
				Base,
			);
			mainGroup = 52D243CB26F3088900B27BBD;
			packageReferences = (
				52D2440B26F5D5AF00B27BBD /* XCRemoteSwiftPackageReference "AlamofireImage" */,
			);
			productRefGroup = 52D243D526F3088900B27BBD /* Products */;
			projectDirPath = "";
			projectRoot = "";
			targets = (
				52D243D326F3088900B27BBD /* Flix */,
				52D243E926F3089200B27BBD /* FlixTests */,
				52D243F426F3089200B27BBD /* FlixUITests */,
			);
		};
/* End PBXProject section */

/* Begin PBXResourcesBuildPhase section */
		52D243D226F3088900B27BBD /* Resources */ = {
			isa = PBXResourcesBuildPhase;
			buildActionMask = 2147483647;
			files = (
				52D243E426F3089200B27BBD /* LaunchScreen.storyboard in Resources */,
				52D243E126F3089200B27BBD /* Assets.xcassets in Resources */,
				52D243DF26F3088A00B27BBD /* Main.storyboard in Resources */,
			);
			runOnlyForDeploymentPostprocessing = 0;
		};
		52D243E826F3089200B27BBD /* Resources */ = {
			isa = PBXResourcesBuildPhase;
			buildActionMask = 2147483647;
			files = (
			);
			runOnlyForDeploymentPostprocessing = 0;
		};
		52D243F326F3089200B27BBD /* Resources */ = {
			isa = PBXResourcesBuildPhase;
			buildActionMask = 2147483647;
			files = (
			);
			runOnlyForDeploymentPostprocessing = 0;
		};
/* End PBXResourcesBuildPhase section */

/* Begin PBXShellScriptBuildPhase section */
		556FF5FE3C29FA7D222A7F5A /* [CP] Check Pods Manifest.lock */ = {
			isa = PBXShellScriptBuildPhase;
			buildActionMask = 2147483647;
			files = (
			);
			inputFileListPaths = (
			);
			inputPaths = (
				"${PODS_PODFILE_DIR_PATH}/Podfile.lock",
				"${PODS_ROOT}/Manifest.lock",
			);
			name = "[CP] Check Pods Manifest.lock";
			outputFileListPaths = (
			);
			outputPaths = (
				"$(DERIVED_FILE_DIR)/Pods-Flix-FlixUITests-checkManifestLockResult.txt",
			);
			runOnlyForDeploymentPostprocessing = 0;
			shellPath = /bin/sh;
			shellScript = "diff \"${PODS_PODFILE_DIR_PATH}/Podfile.lock\" \"${PODS_ROOT}/Manifest.lock\" > /dev/null\nif [ $? != 0 ] ; then\n    # print error to STDERR\n    echo \"error: The sandbox is not in sync with the Podfile.lock. Run 'pod install' or update your CocoaPods installation.\" >&2\n    exit 1\nfi\n# This output is used by Xcode 'outputs' to avoid re-running this script phase.\necho \"SUCCESS\" > \"${SCRIPT_OUTPUT_FILE_0}\"\n";
			showEnvVarsInLog = 0;
		};
		56CA4A5F2D68C93BEA00973A /* [CP] Embed Pods Frameworks */ = {
			isa = PBXShellScriptBuildPhase;
			buildActionMask = 2147483647;
			files = (
			);
			inputFileListPaths = (
				"${PODS_ROOT}/Target Support Files/Pods-Flix-FlixUITests/Pods-Flix-FlixUITests-frameworks-${CONFIGURATION}-input-files.xcfilelist",
			);
			name = "[CP] Embed Pods Frameworks";
			outputFileListPaths = (
				"${PODS_ROOT}/Target Support Files/Pods-Flix-FlixUITests/Pods-Flix-FlixUITests-frameworks-${CONFIGURATION}-output-files.xcfilelist",
			);
			runOnlyForDeploymentPostprocessing = 0;
			shellPath = /bin/sh;
			shellScript = "\"${PODS_ROOT}/Target Support Files/Pods-Flix-FlixUITests/Pods-Flix-FlixUITests-frameworks.sh\"\n";
			showEnvVarsInLog = 0;
		};
		88A3AB58FA8DDB4F086C5B66 /* [CP] Check Pods Manifest.lock */ = {
			isa = PBXShellScriptBuildPhase;
			buildActionMask = 2147483647;
			files = (
			);
			inputFileListPaths = (
			);
			inputPaths = (
				"${PODS_PODFILE_DIR_PATH}/Podfile.lock",
				"${PODS_ROOT}/Manifest.lock",
			);
			name = "[CP] Check Pods Manifest.lock";
			outputFileListPaths = (
			);
			outputPaths = (
				"$(DERIVED_FILE_DIR)/Pods-FlixTests-checkManifestLockResult.txt",
			);
			runOnlyForDeploymentPostprocessing = 0;
			shellPath = /bin/sh;
			shellScript = "diff \"${PODS_PODFILE_DIR_PATH}/Podfile.lock\" \"${PODS_ROOT}/Manifest.lock\" > /dev/null\nif [ $? != 0 ] ; then\n    # print error to STDERR\n    echo \"error: The sandbox is not in sync with the Podfile.lock. Run 'pod install' or update your CocoaPods installation.\" >&2\n    exit 1\nfi\n# This output is used by Xcode 'outputs' to avoid re-running this script phase.\necho \"SUCCESS\" > \"${SCRIPT_OUTPUT_FILE_0}\"\n";
			showEnvVarsInLog = 0;
		};
		8BFE7D1C371603A736E73445 /* [CP] Embed Pods Frameworks */ = {
			isa = PBXShellScriptBuildPhase;
			buildActionMask = 2147483647;
			files = (
			);
			inputFileListPaths = (
				"${PODS_ROOT}/Target Support Files/Pods-Flix/Pods-Flix-frameworks-${CONFIGURATION}-input-files.xcfilelist",
			);
			name = "[CP] Embed Pods Frameworks";
			outputFileListPaths = (
				"${PODS_ROOT}/Target Support Files/Pods-Flix/Pods-Flix-frameworks-${CONFIGURATION}-output-files.xcfilelist",
			);
			runOnlyForDeploymentPostprocessing = 0;
			shellPath = /bin/sh;
			shellScript = "\"${PODS_ROOT}/Target Support Files/Pods-Flix/Pods-Flix-frameworks.sh\"\n";
			showEnvVarsInLog = 0;
		};
		FEA8B1EB64C236F4FE94E73B /* [CP] Check Pods Manifest.lock */ = {
			isa = PBXShellScriptBuildPhase;
			buildActionMask = 2147483647;
			files = (
			);
			inputFileListPaths = (
			);
			inputPaths = (
				"${PODS_PODFILE_DIR_PATH}/Podfile.lock",
				"${PODS_ROOT}/Manifest.lock",
			);
			name = "[CP] Check Pods Manifest.lock";
			outputFileListPaths = (
			);
			outputPaths = (
				"$(DERIVED_FILE_DIR)/Pods-Flix-checkManifestLockResult.txt",
			);
			runOnlyForDeploymentPostprocessing = 0;
			shellPath = /bin/sh;
			shellScript = "diff \"${PODS_PODFILE_DIR_PATH}/Podfile.lock\" \"${PODS_ROOT}/Manifest.lock\" > /dev/null\nif [ $? != 0 ] ; then\n    # print error to STDERR\n    echo \"error: The sandbox is not in sync with the Podfile.lock. Run 'pod install' or update your CocoaPods installation.\" >&2\n    exit 1\nfi\n# This output is used by Xcode 'outputs' to avoid re-running this script phase.\necho \"SUCCESS\" > \"${SCRIPT_OUTPUT_FILE_0}\"\n";
			showEnvVarsInLog = 0;
		};
/* End PBXShellScriptBuildPhase section */

/* Begin PBXSourcesBuildPhase section */
		52D243D026F3088900B27BBD /* Sources */ = {
			isa = PBXSourcesBuildPhase;
			buildActionMask = 2147483647;
			files = (
				528FC99A26FAFBDE008FE7FC /* MovieDetailsViewController.swift in Sources */,
				52D243D826F3088900B27BBD /* AppDelegate.swift in Sources */,
				52D243DA26F3088900B27BBD /* SceneDelegate.swift in Sources */,
				52D2440A26F538D000B27BBD /* MovieCell.swift in Sources */,
				52D2440826F30F3100B27BBD /* MoviesViewController.swift in Sources */,
				528FC99C26FC46A6008FE7FC /* MovieGridViewController.swift in Sources */,
				528FC99E26FC4EA4008FE7FC /* MovieGridCell.swift in Sources */,
			);
			runOnlyForDeploymentPostprocessing = 0;
		};
		52D243E626F3089200B27BBD /* Sources */ = {
			isa = PBXSourcesBuildPhase;
			buildActionMask = 2147483647;
			files = (
				52D243EF26F3089200B27BBD /* FlixTests.swift in Sources */,
			);
			runOnlyForDeploymentPostprocessing = 0;
		};
		52D243F126F3089200B27BBD /* Sources */ = {
			isa = PBXSourcesBuildPhase;
			buildActionMask = 2147483647;
			files = (
				52D243FA26F3089200B27BBD /* FlixUITests.swift in Sources */,
			);
			runOnlyForDeploymentPostprocessing = 0;
		};
/* End PBXSourcesBuildPhase section */

/* Begin PBXTargetDependency section */
		52D243EC26F3089200B27BBD /* PBXTargetDependency */ = {
			isa = PBXTargetDependency;
			target = 52D243D326F3088900B27BBD /* Flix */;
			targetProxy = 52D243EB26F3089200B27BBD /* PBXContainerItemProxy */;
		};
		52D243F726F3089200B27BBD /* PBXTargetDependency */ = {
			isa = PBXTargetDependency;
			target = 52D243D326F3088900B27BBD /* Flix */;
			targetProxy = 52D243F626F3089200B27BBD /* PBXContainerItemProxy */;
		};
/* End PBXTargetDependency section */

/* Begin PBXVariantGroup section */
		52D243DD26F3088A00B27BBD /* Main.storyboard */ = {
			isa = PBXVariantGroup;
			children = (
				52D243DE26F3088A00B27BBD /* Base */,
			);
			name = Main.storyboard;
			sourceTree = "<group>";
		};
		52D243E226F3089200B27BBD /* LaunchScreen.storyboard */ = {
			isa = PBXVariantGroup;
			children = (
				52D243E326F3089200B27BBD /* Base */,
			);
			name = LaunchScreen.storyboard;
			sourceTree = "<group>";
		};
/* End PBXVariantGroup section */

/* Begin XCBuildConfiguration section */
		52D243FC26F3089200B27BBD /* Debug */ = {
			isa = XCBuildConfiguration;
			buildSettings = {
				ALWAYS_SEARCH_USER_PATHS = NO;
				CLANG_ANALYZER_NONNULL = YES;
				CLANG_ANALYZER_NUMBER_OBJECT_CONVERSION = YES_AGGRESSIVE;
				CLANG_CXX_LANGUAGE_STANDARD = "gnu++14";
				CLANG_CXX_LIBRARY = "libc++";
				CLANG_ENABLE_MODULES = YES;
				CLANG_ENABLE_OBJC_ARC = YES;
				CLANG_ENABLE_OBJC_WEAK = YES;
				CLANG_WARN_BLOCK_CAPTURE_AUTORELEASING = YES;
				CLANG_WARN_BOOL_CONVERSION = YES;
				CLANG_WARN_COMMA = YES;
				CLANG_WARN_CONSTANT_CONVERSION = YES;
				CLANG_WARN_DEPRECATED_OBJC_IMPLEMENTATIONS = YES;
				CLANG_WARN_DIRECT_OBJC_ISA_USAGE = YES_ERROR;
				CLANG_WARN_DOCUMENTATION_COMMENTS = YES;
				CLANG_WARN_EMPTY_BODY = YES;
				CLANG_WARN_ENUM_CONVERSION = YES;
				CLANG_WARN_INFINITE_RECURSION = YES;
				CLANG_WARN_INT_CONVERSION = YES;
				CLANG_WARN_NON_LITERAL_NULL_CONVERSION = YES;
				CLANG_WARN_OBJC_IMPLICIT_RETAIN_SELF = YES;
				CLANG_WARN_OBJC_LITERAL_CONVERSION = YES;
				CLANG_WARN_OBJC_ROOT_CLASS = YES_ERROR;
				CLANG_WARN_QUOTED_INCLUDE_IN_FRAMEWORK_HEADER = YES;
				CLANG_WARN_RANGE_LOOP_ANALYSIS = YES;
				CLANG_WARN_STRICT_PROTOTYPES = YES;
				CLANG_WARN_SUSPICIOUS_MOVE = YES;
				CLANG_WARN_UNGUARDED_AVAILABILITY = YES_AGGRESSIVE;
				CLANG_WARN_UNREACHABLE_CODE = YES;
				CLANG_WARN__DUPLICATE_METHOD_MATCH = YES;
				COPY_PHASE_STRIP = NO;
				DEBUG_INFORMATION_FORMAT = dwarf;
				ENABLE_STRICT_OBJC_MSGSEND = YES;
				ENABLE_TESTABILITY = YES;
				GCC_C_LANGUAGE_STANDARD = gnu11;
				GCC_DYNAMIC_NO_PIC = NO;
				GCC_NO_COMMON_BLOCKS = YES;
				GCC_OPTIMIZATION_LEVEL = 0;
				GCC_PREPROCESSOR_DEFINITIONS = (
					"DEBUG=1",
					"$(inherited)",
				);
				GCC_WARN_64_TO_32_BIT_CONVERSION = YES;
				GCC_WARN_ABOUT_RETURN_TYPE = YES_ERROR;
				GCC_WARN_UNDECLARED_SELECTOR = YES;
				GCC_WARN_UNINITIALIZED_AUTOS = YES_AGGRESSIVE;
				GCC_WARN_UNUSED_FUNCTION = YES;
				GCC_WARN_UNUSED_VARIABLE = YES;
				IPHONEOS_DEPLOYMENT_TARGET = 14.5;
				MTL_ENABLE_DEBUG_INFO = INCLUDE_SOURCE;
				MTL_FAST_MATH = YES;
				ONLY_ACTIVE_ARCH = YES;
				SDKROOT = iphoneos;
				SWIFT_ACTIVE_COMPILATION_CONDITIONS = DEBUG;
				SWIFT_OPTIMIZATION_LEVEL = "-Onone";
			};
			name = Debug;
		};
		52D243FD26F3089200B27BBD /* Release */ = {
			isa = XCBuildConfiguration;
			buildSettings = {
				ALWAYS_SEARCH_USER_PATHS = NO;
				CLANG_ANALYZER_NONNULL = YES;
				CLANG_ANALYZER_NUMBER_OBJECT_CONVERSION = YES_AGGRESSIVE;
				CLANG_CXX_LANGUAGE_STANDARD = "gnu++14";
				CLANG_CXX_LIBRARY = "libc++";
				CLANG_ENABLE_MODULES = YES;
				CLANG_ENABLE_OBJC_ARC = YES;
				CLANG_ENABLE_OBJC_WEAK = YES;
				CLANG_WARN_BLOCK_CAPTURE_AUTORELEASING = YES;
				CLANG_WARN_BOOL_CONVERSION = YES;
				CLANG_WARN_COMMA = YES;
				CLANG_WARN_CONSTANT_CONVERSION = YES;
				CLANG_WARN_DEPRECATED_OBJC_IMPLEMENTATIONS = YES;
				CLANG_WARN_DIRECT_OBJC_ISA_USAGE = YES_ERROR;
				CLANG_WARN_DOCUMENTATION_COMMENTS = YES;
				CLANG_WARN_EMPTY_BODY = YES;
				CLANG_WARN_ENUM_CONVERSION = YES;
				CLANG_WARN_INFINITE_RECURSION = YES;
				CLANG_WARN_INT_CONVERSION = YES;
				CLANG_WARN_NON_LITERAL_NULL_CONVERSION = YES;
				CLANG_WARN_OBJC_IMPLICIT_RETAIN_SELF = YES;
				CLANG_WARN_OBJC_LITERAL_CONVERSION = YES;
				CLANG_WARN_OBJC_ROOT_CLASS = YES_ERROR;
				CLANG_WARN_QUOTED_INCLUDE_IN_FRAMEWORK_HEADER = YES;
				CLANG_WARN_RANGE_LOOP_ANALYSIS = YES;
				CLANG_WARN_STRICT_PROTOTYPES = YES;
				CLANG_WARN_SUSPICIOUS_MOVE = YES;
				CLANG_WARN_UNGUARDED_AVAILABILITY = YES_AGGRESSIVE;
				CLANG_WARN_UNREACHABLE_CODE = YES;
				CLANG_WARN__DUPLICATE_METHOD_MATCH = YES;
				COPY_PHASE_STRIP = NO;
				DEBUG_INFORMATION_FORMAT = "dwarf-with-dsym";
				ENABLE_NS_ASSERTIONS = NO;
				ENABLE_STRICT_OBJC_MSGSEND = YES;
				GCC_C_LANGUAGE_STANDARD = gnu11;
				GCC_NO_COMMON_BLOCKS = YES;
				GCC_WARN_64_TO_32_BIT_CONVERSION = YES;
				GCC_WARN_ABOUT_RETURN_TYPE = YES_ERROR;
				GCC_WARN_UNDECLARED_SELECTOR = YES;
				GCC_WARN_UNINITIALIZED_AUTOS = YES_AGGRESSIVE;
				GCC_WARN_UNUSED_FUNCTION = YES;
				GCC_WARN_UNUSED_VARIABLE = YES;
				IPHONEOS_DEPLOYMENT_TARGET = 14.5;
				MTL_ENABLE_DEBUG_INFO = NO;
				MTL_FAST_MATH = YES;
				SDKROOT = iphoneos;
				SWIFT_COMPILATION_MODE = wholemodule;
				SWIFT_OPTIMIZATION_LEVEL = "-O";
				VALIDATE_PRODUCT = YES;
			};
			name = Release;
		};
		52D243FF26F3089200B27BBD /* Debug */ = {
			isa = XCBuildConfiguration;
			baseConfigurationReference = 314C38C5672526D2087F7C72 /* Pods-Flix.debug.xcconfig */;
			buildSettings = {
				ASSETCATALOG_COMPILER_APPICON_NAME = AppIcon;
				ASSETCATALOG_COMPILER_GLOBAL_ACCENT_COLOR_NAME = AccentColor;
				CODE_SIGN_STYLE = Automatic;
				INFOPLIST_FILE = Flix/Info.plist;
				LD_RUNPATH_SEARCH_PATHS = (
					"$(inherited)",
					"@executable_path/Frameworks",
				);
				PRODUCT_BUNDLE_IDENTIFIER = com.codepath.Flix;
				PRODUCT_NAME = "$(TARGET_NAME)";
				SWIFT_VERSION = 5.0;
				TARGETED_DEVICE_FAMILY = "1,2";
			};
			name = Debug;
		};
		52D2440026F3089200B27BBD /* Release */ = {
			isa = XCBuildConfiguration;
			baseConfigurationReference = 8D04AB973DBF938C0AA50EC7 /* Pods-Flix.release.xcconfig */;
			buildSettings = {
				ASSETCATALOG_COMPILER_APPICON_NAME = AppIcon;
				ASSETCATALOG_COMPILER_GLOBAL_ACCENT_COLOR_NAME = AccentColor;
				CODE_SIGN_STYLE = Automatic;
				INFOPLIST_FILE = Flix/Info.plist;
				LD_RUNPATH_SEARCH_PATHS = (
					"$(inherited)",
					"@executable_path/Frameworks",
				);
				PRODUCT_BUNDLE_IDENTIFIER = com.codepath.Flix;
				PRODUCT_NAME = "$(TARGET_NAME)";
				SWIFT_VERSION = 5.0;
				TARGETED_DEVICE_FAMILY = "1,2";
			};
			name = Release;
		};
		52D2440226F3089200B27BBD /* Debug */ = {
			isa = XCBuildConfiguration;
			baseConfigurationReference = 09B1D46CEA048F7197BE1B58 /* Pods-FlixTests.debug.xcconfig */;
			buildSettings = {
				ALWAYS_EMBED_SWIFT_STANDARD_LIBRARIES = YES;
				BUNDLE_LOADER = "$(TEST_HOST)";
				CODE_SIGN_STYLE = Automatic;
				INFOPLIST_FILE = FlixTests/Info.plist;
				IPHONEOS_DEPLOYMENT_TARGET = 14.5;
				LD_RUNPATH_SEARCH_PATHS = (
					"$(inherited)",
					"@executable_path/Frameworks",
					"@loader_path/Frameworks",
				);
				PRODUCT_BUNDLE_IDENTIFIER = com.codepath.FlixTests;
				PRODUCT_NAME = "$(TARGET_NAME)";
				SWIFT_VERSION = 5.0;
				TARGETED_DEVICE_FAMILY = "1,2";
				TEST_HOST = "$(BUILT_PRODUCTS_DIR)/Flix.app/Flix";
			};
			name = Debug;
		};
		52D2440326F3089200B27BBD /* Release */ = {
			isa = XCBuildConfiguration;
			baseConfigurationReference = 6D23CC2CBB55CEE5AAD90629 /* Pods-FlixTests.release.xcconfig */;
			buildSettings = {
				ALWAYS_EMBED_SWIFT_STANDARD_LIBRARIES = YES;
				BUNDLE_LOADER = "$(TEST_HOST)";
				CODE_SIGN_STYLE = Automatic;
				INFOPLIST_FILE = FlixTests/Info.plist;
				IPHONEOS_DEPLOYMENT_TARGET = 14.5;
				LD_RUNPATH_SEARCH_PATHS = (
					"$(inherited)",
					"@executable_path/Frameworks",
					"@loader_path/Frameworks",
				);
				PRODUCT_BUNDLE_IDENTIFIER = com.codepath.FlixTests;
				PRODUCT_NAME = "$(TARGET_NAME)";
				SWIFT_VERSION = 5.0;
				TARGETED_DEVICE_FAMILY = "1,2";
				TEST_HOST = "$(BUILT_PRODUCTS_DIR)/Flix.app/Flix";
			};
			name = Release;
		};
		52D2440526F3089200B27BBD /* Debug */ = {
			isa = XCBuildConfiguration;
			baseConfigurationReference = D768992869C6E31C0CE6BF19 /* Pods-Flix-FlixUITests.debug.xcconfig */;
			buildSettings = {
				ALWAYS_EMBED_SWIFT_STANDARD_LIBRARIES = YES;
				CODE_SIGN_STYLE = Automatic;
				INFOPLIST_FILE = FlixUITests/Info.plist;
				LD_RUNPATH_SEARCH_PATHS = (
					"$(inherited)",
					"@executable_path/Frameworks",
					"@loader_path/Frameworks",
				);
				PRODUCT_BUNDLE_IDENTIFIER = com.codepath.FlixUITests;
				PRODUCT_NAME = "$(TARGET_NAME)";
				SWIFT_VERSION = 5.0;
				TARGETED_DEVICE_FAMILY = "1,2";
				TEST_TARGET_NAME = Flix;
			};
			name = Debug;
		};
		52D2440626F3089200B27BBD /* Release */ = {
			isa = XCBuildConfiguration;
			baseConfigurationReference = 4209B7FE28B89DBAEA473D8E /* Pods-Flix-FlixUITests.release.xcconfig */;
			buildSettings = {
				ALWAYS_EMBED_SWIFT_STANDARD_LIBRARIES = YES;
				CODE_SIGN_STYLE = Automatic;
				INFOPLIST_FILE = FlixUITests/Info.plist;
				LD_RUNPATH_SEARCH_PATHS = (
					"$(inherited)",
					"@executable_path/Frameworks",
					"@loader_path/Frameworks",
				);
				PRODUCT_BUNDLE_IDENTIFIER = com.codepath.FlixUITests;
				PRODUCT_NAME = "$(TARGET_NAME)";
				SWIFT_VERSION = 5.0;
				TARGETED_DEVICE_FAMILY = "1,2";
				TEST_TARGET_NAME = Flix;
			};
			name = Release;
		};
/* End XCBuildConfiguration section */

/* Begin XCConfigurationList section */
		52D243CF26F3088900B27BBD /* Build configuration list for PBXProject "Flix" */ = {
			isa = XCConfigurationList;
			buildConfigurations = (
				52D243FC26F3089200B27BBD /* Debug */,
				52D243FD26F3089200B27BBD /* Release */,
			);
			defaultConfigurationIsVisible = 0;
			defaultConfigurationName = Release;
		};
		52D243FE26F3089200B27BBD /* Build configuration list for PBXNativeTarget "Flix" */ = {
			isa = XCConfigurationList;
			buildConfigurations = (
				52D243FF26F3089200B27BBD /* Debug */,
				52D2440026F3089200B27BBD /* Release */,
			);
			defaultConfigurationIsVisible = 0;
			defaultConfigurationName = Release;
		};
		52D2440126F3089200B27BBD /* Build configuration list for PBXNativeTarget "FlixTests" */ = {
			isa = XCConfigurationList;
			buildConfigurations = (
				52D2440226F3089200B27BBD /* Debug */,
				52D2440326F3089200B27BBD /* Release */,
			);
			defaultConfigurationIsVisible = 0;
			defaultConfigurationName = Release;
		};
		52D2440426F3089200B27BBD /* Build configuration list for PBXNativeTarget "FlixUITests" */ = {
			isa = XCConfigurationList;
			buildConfigurations = (
				52D2440526F3089200B27BBD /* Debug */,
				52D2440626F3089200B27BBD /* Release */,
			);
			defaultConfigurationIsVisible = 0;
			defaultConfigurationName = Release;
		};
/* End XCConfigurationList section */

/* Begin XCRemoteSwiftPackageReference section */
		52D2440B26F5D5AF00B27BBD /* XCRemoteSwiftPackageReference "AlamofireImage" */ = {
			isa = XCRemoteSwiftPackageReference;
			repositoryURL = "https://github.com/Alamofire/AlamofireImage";
			requirement = {
				kind = upToNextMajorVersion;
				minimumVersion = 4.2.0;
			};
		};
/* End XCRemoteSwiftPackageReference section */

/* Begin XCSwiftPackageProductDependency section */
		52D2440C26F5D5B000B27BBD /* AlamofireImage */ = {
			isa = XCSwiftPackageProductDependency;
			package = 52D2440B26F5D5AF00B27BBD /* XCRemoteSwiftPackageReference "AlamofireImage" */;
			productName = AlamofireImage;
		};
/* End XCSwiftPackageProductDependency section */
	};
	rootObject = 52D243CC26F3088900B27BBD /* Project object */;
}
